
Microsoft Visual Studio Solution File, Format Version 12.00
# Visual Studio Version 17
VisualStudioVersion = 17.8.34408.163
MinimumVisualStudioVersion = 10.0.40219.1
Project("{9A19103F-16F7-4668-BE54-9A1E7A4F7556}") = "Mission #5", "Mission #5\Mission #5.csproj", "{B67153A6-A1BF-4861-ACDD-DE8021417712}"
EndProject
Global
	GlobalSection(SolutionConfigurationPlatforms) = preSolution
		Debug|Any CPU = Debug|Any CPU
		Release|Any CPU = Release|Any CPU
	EndGlobalSection
	GlobalSection(ProjectConfigurationPlatforms) = postSolution
		{B67153A6-A1BF-4861-ACDD-DE8021417712}.Debug|Any CPU.ActiveCfg = Debug|Any CPU
		{B67153A6-A1BF-4861-ACDD-DE8021417712}.Debug|Any CPU.Build.0 = Debug|Any CPU
		{B67153A6-A1BF-4861-ACDD-DE8021417712}.Release|Any CPU.ActiveCfg = Release|Any CPU
		{B67153A6-A1BF-4861-ACDD-DE8021417712}.Release|Any CPU.Build.0 = Release|Any CPU
	EndGlobalSection
	GlobalSection(SolutionProperties) = preSolution
		HideSolutionNode = FALSE
	EndGlobalSection
	GlobalSection(ExtensibilityGlobals) = postSolution
		SolutionGuid = {EDEF785C-3246-49D9-BB34-804C4388D945}
	EndGlobalSection
EndGlobal
